
Microsoft Visual Studio Solution File, Format Version 12.00
# Visual Studio Version 17
VisualStudioVersion = 17.5.002.0
MinimumVisualStudioVersion = 10.0.40219.1
Project("{2150E333-8FDC-42A3-9474-1A3956D46DE8}") = "csharp-prep", "csharp-prep", "{7E7C9E80-FDE1-4F52-B8BB-6508A1F19BB0}"
EndProject
Project("{9A19103F-16F7-4668-BE54-9A1E7A4F7556}") = "Prep1", "csharp-prep\Prep1\Prep1.csproj", "{A4EF0EA6-CD49-47F0-A1C1-146707D7DF46}"
EndProject
Project("{9A19103F-16F7-4668-BE54-9A1E7A4F7556}") = "Prep2", "csharp-prep\Prep2\Prep2.csproj", "{FA17B957-3520-4EA7-A619-777690B7A9F6}"
EndProject
Project("{9A19103F-16F7-4668-BE54-9A1E7A4F7556}") = "Prep3", "csharp-prep\Prep3\Prep3.csproj", "{8F829EF6-A4A4-49AF-A2AF-41B317F29AF6}"
EndProject
Project("{9A19103F-16F7-4668-BE54-9A1E7A4F7556}") = "Prep4", "csharp-prep\Prep4\Prep4.csproj", "{3E99CBF8-F3AC-4789-B530-79020F6C80FE}"
EndProject
Project("{9A19103F-16F7-4668-BE54-9A1E7A4F7556}") = "Prep5", "csharp-prep\Prep5\Prep5.csproj", "{0237B9E9-9BD4-4ADA-B7BD-26737E3C6D4A}"
EndProject
Project("{2150E333-8FDC-42A3-9474-1A3956D46DE8}") = "final", "final", "{C9620FA7-533A-4416-98D2-5C334DE8FACE}"
EndProject
Project("{9A19103F-16F7-4668-BE54-9A1E7A4F7556}") = "FinalProject", "final\FinalProject\FinalProject.csproj", "{6B3ED088-725F-4D77-B4AA-D0C3F6B80D9A}"
EndProject
Project("{9A19103F-16F7-4668-BE54-9A1E7A4F7556}") = "Foundation1", "final\Foundation1\Foundation1.csproj", "{C812D0E5-163B-46B5-B720-AF04850CF62D}"
EndProject
Project("{9A19103F-16F7-4668-BE54-9A1E7A4F7556}") = "Foundation2", "final\Foundation2\Foundation2.csproj", "{7A05CA86-5F27-4E78-A3BE-B417A17C55D3}"
EndProject
Project("{9A19103F-16F7-4668-BE54-9A1E7A4F7556}") = "Foundation3", "final\Foundation3\Foundation3.csproj", "{CC00925C-C179-4008-86FB-0E324A6DB3B1}"
EndProject
Project("{9A19103F-16F7-4668-BE54-9A1E7A4F7556}") = "Foundation4", "final\Foundation4\Foundation4.csproj", "{D775F6E2-070B-4BA5-87AB-7D1669C01185}"
EndProject
Project("{2150E333-8FDC-42A3-9474-1A3956D46DE8}") = "prepare", "prepare", "{3AACF710-2389-4879-8E99-93BF08A0D3A6}"
EndProject
Project("{9A19103F-16F7-4668-BE54-9A1E7A4F7556}") = "Learning02", "prepare\Learning02\Learning02.csproj", "{8B752646-7674-4025-B820-E593866BBC6D}"
EndProject
Project("{9A19103F-16F7-4668-BE54-9A1E7A4F7556}") = "Learning03", "prepare\Learning03\Learning03.csproj", "{44530CBB-7B43-47AB-8811-E7BF4D695A60}"
EndProject
Project("{9A19103F-16F7-4668-BE54-9A1E7A4F7556}") = "Learning04", "prepare\Learning04\Learning04.csproj", "{BAD5A258-0AA7-43A2-885A-3767B27F2D25}"
EndProject
Project("{9A19103F-16F7-4668-BE54-9A1E7A4F7556}") = "Learning05", "prepare\Learning05\Learning05.csproj", "{8FBC4789-CD6F-46CE-B786-28F60A1AED32}"
EndProject
Project("{2150E333-8FDC-42A3-9474-1A3956D46DE8}") = "prove", "prove", "{0DEF3CDF-A3D3-4DB4-98C7-9F89BFA6F877}"
EndProject
Project("{9A19103F-16F7-4668-BE54-9A1E7A4F7556}") = "Develop02", "prove\Develop02\Develop02.csproj", "{F7E02EE7-C3E5-4A5B-BA86-58BC0D0DAA04}"
EndProject
Project("{9A19103F-16F7-4668-BE54-9A1E7A4F7556}") = "Develop03", "prove\Develop03\Develop03.csproj", "{C9CA2305-63E4-479F-8222-6D3A5117129C}"
EndProject
Project("{9A19103F-16F7-4668-BE54-9A1E7A4F7556}") = "Develop04", "prove\Develop04\Develop04.csproj", "{D6538FF2-4E3D-4C5D-AB41-BC27DC4F23F9}"
EndProject
Project("{9A19103F-16F7-4668-BE54-9A1E7A4F7556}") = "Develop05", "prove\Develop05\Develop05.csproj", "{68F903B8-F64F-444F-89DE-46F4ED10A8CD}"
EndProject
Project("{2150E333-8FDC-42A3-9474-1A3956D46DE8}") = "sandbox", "sandbox", "{5DF53A24-2266-467B-9F86-F35AA453B566}"
EndProject
Project("{9A19103F-16F7-4668-BE54-9A1E7A4F7556}") = "Sandbox", "sandbox\Sandbox\Sandbox.csproj", "{7E4065D8-20D7-474F-AC36-D1D6A352139C}"
EndProject
Global
	GlobalSection(SolutionConfigurationPlatforms) = preSolution
		Debug|Any CPU = Debug|Any CPU
		Release|Any CPU = Release|Any CPU
	EndGlobalSection
	GlobalSection(ProjectConfigurationPlatforms) = postSolution
		{A4EF0EA6-CD49-47F0-A1C1-146707D7DF46}.Debug|Any CPU.ActiveCfg = Debug|Any CPU
		{A4EF0EA6-CD49-47F0-A1C1-146707D7DF46}.Debug|Any CPU.Build.0 = Debug|Any CPU
		{A4EF0EA6-CD49-47F0-A1C1-146707D7DF46}.Release|Any CPU.ActiveCfg = Release|Any CPU
		{A4EF0EA6-CD49-47F0-A1C1-146707D7DF46}.Release|Any CPU.Build.0 = Release|Any CPU
		{FA17B957-3520-4EA7-A619-777690B7A9F6}.Debug|Any CPU.ActiveCfg = Debug|Any CPU
		{FA17B957-3520-4EA7-A619-777690B7A9F6}.Debug|Any CPU.Build.0 = Debug|Any CPU
		{FA17B957-3520-4EA7-A619-777690B7A9F6}.Release|Any CPU.ActiveCfg = Release|Any CPU
		{FA17B957-3520-4EA7-A619-777690B7A9F6}.Release|Any CPU.Build.0 = Release|Any CPU
		{8F829EF6-A4A4-49AF-A2AF-41B317F29AF6}.Debug|Any CPU.ActiveCfg = Debug|Any CPU
		{8F829EF6-A4A4-49AF-A2AF-41B317F29AF6}.Debug|Any CPU.Build.0 = Debug|Any CPU
		{8F829EF6-A4A4-49AF-A2AF-41B317F29AF6}.Release|Any CPU.ActiveCfg = Release|Any CPU
		{8F829EF6-A4A4-49AF-A2AF-41B317F29AF6}.Release|Any CPU.Build.0 = Release|Any CPU
		{3E99CBF8-F3AC-4789-B530-79020F6C80FE}.Debug|Any CPU.ActiveCfg = Debug|Any CPU
		{3E99CBF8-F3AC-4789-B530-79020F6C80FE}.Debug|Any CPU.Build.0 = Debug|Any CPU
		{3E99CBF8-F3AC-4789-B530-79020F6C80FE}.Release|Any CPU.ActiveCfg = Release|Any CPU
		{3E99CBF8-F3AC-4789-B530-79020F6C80FE}.Release|Any CPU.Build.0 = Release|Any CPU
		{0237B9E9-9BD4-4ADA-B7BD-26737E3C6D4A}.Debug|Any CPU.ActiveCfg = Debug|Any CPU
		{0237B9E9-9BD4-4ADA-B7BD-26737E3C6D4A}.Debug|Any CPU.Build.0 = Debug|Any CPU
		{0237B9E9-9BD4-4ADA-B7BD-26737E3C6D4A}.Release|Any CPU.ActiveCfg = Release|Any CPU
		{0237B9E9-9BD4-4ADA-B7BD-26737E3C6D4A}.Release|Any CPU.Build.0 = Release|Any CPU
		{6B3ED088-725F-4D77-B4AA-D0C3F6B80D9A}.Debug|Any CPU.ActiveCfg = Debug|Any CPU
		{6B3ED088-725F-4D77-B4AA-D0C3F6B80D9A}.Debug|Any CPU.Build.0 = Debug|Any CPU
		{6B3ED088-725F-4D77-B4AA-D0C3F6B80D9A}.Release|Any CPU.ActiveCfg = Release|Any CPU
		{6B3ED088-725F-4D77-B4AA-D0C3F6B80D9A}.Release|Any CPU.Build.0 = Release|Any CPU
		{C812D0E5-163B-46B5-B720-AF04850CF62D}.Debug|Any CPU.ActiveCfg = Debug|Any CPU
		{C812D0E5-163B-46B5-B720-AF04850CF62D}.Debug|Any CPU.Build.0 = Debug|Any CPU
		{C812D0E5-163B-46B5-B720-AF04850CF62D}.Release|Any CPU.ActiveCfg = Release|Any CPU
		{C812D0E5-163B-46B5-B720-AF04850CF62D}.Release|Any CPU.Build.0 = Release|Any CPU
		{7A05CA86-5F27-4E78-A3BE-B417A17C55D3}.Debug|Any CPU.ActiveCfg = Debug|Any CPU
		{7A05CA86-5F27-4E78-A3BE-B417A17C55D3}.Debug|Any CPU.Build.0 = Debug|Any CPU
		{7A05CA86-5F27-4E78-A3BE-B417A17C55D3}.Release|Any CPU.ActiveCfg = Release|Any CPU
		{7A05CA86-5F27-4E78-A3BE-B417A17C55D3}.Release|Any CPU.Build.0 = Release|Any CPU
		{CC00925C-C179-4008-86FB-0E324A6DB3B1}.Debug|Any CPU.ActiveCfg = Debug|Any CPU
		{CC00925C-C179-4008-86FB-0E324A6DB3B1}.Debug|Any CPU.Build.0 = Debug|Any CPU
		{CC00925C-C179-4008-86FB-0E324A6DB3B1}.Release|Any CPU.ActiveCfg = Release|Any CPU
		{CC00925C-C179-4008-86FB-0E324A6DB3B1}.Release|Any CPU.Build.0 = Release|Any CPU
		{D775F6E2-070B-4BA5-87AB-7D1669C01185}.Debug|Any CPU.ActiveCfg = Debug|Any CPU
		{D775F6E2-070B-4BA5-87AB-7D1669C01185}.Debug|Any CPU.Build.0 = Debug|Any CPU
		{D775F6E2-070B-4BA5-87AB-7D1669C01185}.Release|Any CPU.ActiveCfg = Release|Any CPU
		{D775F6E2-070B-4BA5-87AB-7D1669C01185}.Release|Any CPU.Build.0 = Release|Any CPU
		{8B752646-7674-4025-B820-E593866BBC6D}.Debug|Any CPU.ActiveCfg = Debug|Any CPU
		{8B752646-7674-4025-B820-E593866BBC6D}.Debug|Any CPU.Build.0 = Debug|Any CPU
		{8B752646-7674-4025-B820-E593866BBC6D}.Release|Any CPU.ActiveCfg = Release|Any CPU
		{8B752646-7674-4025-B820-E593866BBC6D}.Release|Any CPU.Build.0 = Release|Any CPU
		{44530CBB-7B43-47AB-8811-E7BF4D695A60}.Debug|Any CPU.ActiveCfg = Debug|Any CPU
		{44530CBB-7B43-47AB-8811-E7BF4D695A60}.Debug|Any CPU.Build.0 = Debug|Any CPU
		{44530CBB-7B43-47AB-8811-E7BF4D695A60}.Release|Any CPU.ActiveCfg = Release|Any CPU
		{44530CBB-7B43-47AB-8811-E7BF4D695A60}.Release|Any CPU.Build.0 = Release|Any CPU
		{BAD5A258-0AA7-43A2-885A-3767B27F2D25}.Debug|Any CPU.ActiveCfg = Debug|Any CPU
		{BAD5A258-0AA7-43A2-885A-3767B27F2D25}.Debug|Any CPU.Build.0 = Debug|Any CPU
		{BAD5A258-0AA7-43A2-885A-3767B27F2D25}.Release|Any CPU.ActiveCfg = Release|Any CPU
		{BAD5A258-0AA7-43A2-885A-3767B27F2D25}.Release|Any CPU.Build.0 = Release|Any CPU
		{8FBC4789-CD6F-46CE-B786-28F60A1AED32}.Debug|Any CPU.ActiveCfg = Debug|Any CPU
		{8FBC4789-CD6F-46CE-B786-28F60A1AED32}.Debug|Any CPU.Build.0 = Debug|Any CPU
		{8FBC4789-CD6F-46CE-B786-28F60A1AED32}.Release|Any CPU.ActiveCfg = Release|Any CPU
		{8FBC4789-CD6F-46CE-B786-28F60A1AED32}.Release|Any CPU.Build.0 = Release|Any CPU
		{F7E02EE7-C3E5-4A5B-BA86-58BC0D0DAA04}.Debug|Any CPU.ActiveCfg = Debug|Any CPU
		{F7E02EE7-C3E5-4A5B-BA86-58BC0D0DAA04}.Debug|Any CPU.Build.0 = Debug|Any CPU
		{F7E02EE7-C3E5-4A5B-BA86-58BC0D0DAA04}.Release|Any CPU.ActiveCfg = Release|Any CPU
		{F7E02EE7-C3E5-4A5B-BA86-58BC0D0DAA04}.Release|Any CPU.Build.0 = Release|Any CPU
		{C9CA2305-63E4-479F-8222-6D3A5117129C}.Debug|Any CPU.ActiveCfg = Debug|Any CPU
		{C9CA2305-63E4-479F-8222-6D3A5117129C}.Debug|Any CPU.Build.0 = Debug|Any CPU
		{C9CA2305-63E4-479F-8222-6D3A5117129C}.Release|Any CPU.ActiveCfg = Release|Any CPU
		{C9CA2305-63E4-479F-8222-6D3A5117129C}.Release|Any CPU.Build.0 = Release|Any CPU
		{D6538FF2-4E3D-4C5D-AB41-BC27DC4F23F9}.Debug|Any CPU.ActiveCfg = Debug|Any CPU
		{D6538FF2-4E3D-4C5D-AB41-BC27DC4F23F9}.Debug|Any CPU.Build.0 = Debug|Any CPU
		{D6538FF2-4E3D-4C5D-AB41-BC27DC4F23F9}.Release|Any CPU.ActiveCfg = Release|Any CPU
		{D6538FF2-4E3D-4C5D-AB41-BC27DC4F23F9}.Release|Any CPU.Build.0 = Release|Any CPU
		{68F903B8-F64F-444F-89DE-46F4ED10A8CD}.Debug|Any CPU.ActiveCfg = Debug|Any CPU
		{68F903B8-F64F-444F-89DE-46F4ED10A8CD}.Debug|Any CPU.Build.0 = Debug|Any CPU
		{68F903B8-F64F-444F-89DE-46F4ED10A8CD}.Release|Any CPU.ActiveCfg = Release|Any CPU
		{68F903B8-F64F-444F-89DE-46F4ED10A8CD}.Release|Any CPU.Build.0 = Release|Any CPU
		{7E4065D8-20D7-474F-AC36-D1D6A352139C}.Debug|Any CPU.ActiveCfg = Debug|Any CPU
		{7E4065D8-20D7-474F-AC36-D1D6A352139C}.Debug|Any CPU.Build.0 = Debug|Any CPU
		{7E4065D8-20D7-474F-AC36-D1D6A352139C}.Release|Any CPU.ActiveCfg = Release|Any CPU
		{7E4065D8-20D7-474F-AC36-D1D6A352139C}.Release|Any CPU.Build.0 = Release|Any CPU
	EndGlobalSection
	GlobalSection(SolutionProperties) = preSolution
		HideSolutionNode = FALSE
	EndGlobalSection
	GlobalSection(NestedProjects) = preSolution
		{A4EF0EA6-CD49-47F0-A1C1-146707D7DF46} = {7E7C9E80-FDE1-4F52-B8BB-6508A1F19BB0}
		{FA17B957-3520-4EA7-A619-777690B7A9F6} = {7E7C9E80-FDE1-4F52-B8BB-6508A1F19BB0}
		{8F829EF6-A4A4-49AF-A2AF-41B317F29AF6} = {7E7C9E80-FDE1-4F52-B8BB-6508A1F19BB0}
		{3E99CBF8-F3AC-4789-B530-79020F6C80FE} = {7E7C9E80-FDE1-4F52-B8BB-6508A1F19BB0}
		{0237B9E9-9BD4-4ADA-B7BD-26737E3C6D4A} = {7E7C9E80-FDE1-4F52-B8BB-6508A1F19BB0}
		{6B3ED088-725F-4D77-B4AA-D0C3F6B80D9A} = {C9620FA7-533A-4416-98D2-5C334DE8FACE}
		{C812D0E5-163B-46B5-B720-AF04850CF62D} = {C9620FA7-533A-4416-98D2-5C334DE8FACE}
		{7A05CA86-5F27-4E78-A3BE-B417A17C55D3} = {C9620FA7-533A-4416-98D2-5C334DE8FACE}
		{CC00925C-C179-4008-86FB-0E324A6DB3B1} = {C9620FA7-533A-4416-98D2-5C334DE8FACE}
		{D775F6E2-070B-4BA5-87AB-7D1669C01185} = {C9620FA7-533A-4416-98D2-5C334DE8FACE}
		{8B752646-7674-4025-B820-E593866BBC6D} = {3AACF710-2389-4879-8E99-93BF08A0D3A6}
		{44530CBB-7B43-47AB-8811-E7BF4D695A60} = {3AACF710-2389-4879-8E99-93BF08A0D3A6}
		{BAD5A258-0AA7-43A2-885A-3767B27F2D25} = {3AACF710-2389-4879-8E99-93BF08A0D3A6}
		{8FBC4789-CD6F-46CE-B786-28F60A1AED32} = {3AACF710-2389-4879-8E99-93BF08A0D3A6}
		{F7E02EE7-C3E5-4A5B-BA86-58BC0D0DAA04} = {0DEF3CDF-A3D3-4DB4-98C7-9F89BFA6F877}
		{C9CA2305-63E4-479F-8222-6D3A5117129C} = {0DEF3CDF-A3D3-4DB4-98C7-9F89BFA6F877}
		{D6538FF2-4E3D-4C5D-AB41-BC27DC4F23F9} = {0DEF3CDF-A3D3-4DB4-98C7-9F89BFA6F877}
		{68F903B8-F64F-444F-89DE-46F4ED10A8CD} = {0DEF3CDF-A3D3-4DB4-98C7-9F89BFA6F877}
		{7E4065D8-20D7-474F-AC36-D1D6A352139C} = {5DF53A24-2266-467B-9F86-F35AA453B566}
	EndGlobalSection
	GlobalSection(ExtensibilityGlobals) = postSolution
		SolutionGuid = {2AEE2391-61B8-44B7-B7FF-3AFBC4AED374}
	EndGlobalSection
EndGlobal
